// !$*UTF8*$!
{
	archiveVersion = 1;
	classes = {
	};
	objectVersion = 50;
	objects = {

/* Begin PBXBuildFile section */
		DE047A7D23BADC820009028A /* CalSectionView.xib in Resources */ = {isa = PBXBuildFile; fileRef = DE047A7C23BADC820009028A /* CalSectionView.xib */; };
		DE047A7F23BADCB20009028A /* CalSectionView.swift in Sources */ = {isa = PBXBuildFile; fileRef = DE047A7E23BADCB20009028A /* CalSectionView.swift */; };
		DE047A8123BAE2660009028A /* CalTodoItem.swift in Sources */ = {isa = PBXBuildFile; fileRef = DE047A8023BAE2660009028A /* CalTodoItem.swift */; };
		DE047A8323BAE2790009028A /* CalTodoSection.swift in Sources */ = {isa = PBXBuildFile; fileRef = DE047A8223BAE2790009028A /* CalTodoSection.swift */; };
		DE047A8523BAE2F70009028A /* CalTodoYear.swift in Sources */ = {isa = PBXBuildFile; fileRef = DE047A8423BAE2F70009028A /* CalTodoYear.swift */; };
		DE047A8923BAE3380009028A /* CalTodoMonth.swift in Sources */ = {isa = PBXBuildFile; fileRef = DE047A8823BAE3380009028A /* CalTodoMonth.swift */; };
		DE047A8B23BAF0170009028A /* CalTodoDay.swift in Sources */ = {isa = PBXBuildFile; fileRef = DE047A8A23BAF0170009028A /* CalTodoDay.swift */; };
		DE074D1023B9E6C200F494D1 /* AppDelegate.swift in Sources */ = {isa = PBXBuildFile; fileRef = DE074D0F23B9E6C200F494D1 /* AppDelegate.swift */; };
		DE074D1223B9E6C200F494D1 /* CalViewController.swift in Sources */ = {isa = PBXBuildFile; fileRef = DE074D1123B9E6C200F494D1 /* CalViewController.swift */; };
		DE074D1423B9E6C300F494D1 /* Assets.xcassets in Resources */ = {isa = PBXBuildFile; fileRef = DE074D1323B9E6C300F494D1 /* Assets.xcassets */; };
		DE074D1723B9E6C300F494D1 /* Main.storyboard in Resources */ = {isa = PBXBuildFile; fileRef = DE074D1523B9E6C300F494D1 /* Main.storyboard */; };
		DE074D2023B9E71100F494D1 /* CalWindow.swift in Sources */ = {isa = PBXBuildFile; fileRef = DE074D1F23B9E71100F494D1 /* CalWindow.swift */; };
		DE074D2223B9E72100F494D1 /* CalWindowController.swift in Sources */ = {isa = PBXBuildFile; fileRef = DE074D2123B9E72100F494D1 /* CalWindowController.swift */; };
		DE074D2423B9FDB700F494D1 /* CalTextField.swift in Sources */ = {isa = PBXBuildFile; fileRef = DE074D2323B9FDB700F494D1 /* CalTextField.swift */; };
		DE074D2623BA0BA400F494D1 /* CalImageView.swift in Sources */ = {isa = PBXBuildFile; fileRef = DE074D2523BA0BA400F494D1 /* CalImageView.swift */; };
		DE074D5023BA415D00F494D1 /* CalCollectionViewItem.swift in Sources */ = {isa = PBXBuildFile; fileRef = DE074D4E23BA415D00F494D1 /* CalCollectionViewItem.swift */; };
		DE074D5123BA415D00F494D1 /* CalCollectionViewItem.xib in Resources */ = {isa = PBXBuildFile; fileRef = DE074D4F23BA415D00F494D1 /* CalCollectionViewItem.xib */; };
/* End PBXBuildFile section */

/* Begin PBXFileReference section */
		DE047A7C23BADC820009028A /* CalSectionView.xib */ = {isa = PBXFileReference; lastKnownFileType = file.xib; path = CalSectionView.xib; sourceTree = "<group>"; };
		DE047A7E23BADCB20009028A /* CalSectionView.swift */ = {isa = PBXFileReference; lastKnownFileType = sourcecode.swift; path = CalSectionView.swift; sourceTree = "<group>"; };
		DE047A8023BAE2660009028A /* CalTodoItem.swift */ = {isa = PBXFileReference; lastKnownFileType = sourcecode.swift; path = CalTodoItem.swift; sourceTree = "<group>"; };
		DE047A8223BAE2790009028A /* CalTodoSection.swift */ = {isa = PBXFileReference; lastKnownFileType = sourcecode.swift; path = CalTodoSection.swift; sourceTree = "<group>"; };
		DE047A8423BAE2F70009028A /* CalTodoYear.swift */ = {isa = PBXFileReference; lastKnownFileType = sourcecode.swift; path = CalTodoYear.swift; sourceTree = "<group>"; };
		DE047A8823BAE3380009028A /* CalTodoMonth.swift */ = {isa = PBXFileReference; lastKnownFileType = sourcecode.swift; path = CalTodoMonth.swift; sourceTree = "<group>"; };
		DE047A8A23BAF0170009028A /* CalTodoDay.swift */ = {isa = PBXFileReference; lastKnownFileType = sourcecode.swift; path = CalTodoDay.swift; sourceTree = "<group>"; };
		DE074D0C23B9E6C200F494D1 /* Calendar2020.app */ = {isa = PBXFileReference; explicitFileType = wrapper.application; includeInIndex = 0; path = Calendar2020.app; sourceTree = BUILT_PRODUCTS_DIR; };
		DE074D0F23B9E6C200F494D1 /* AppDelegate.swift */ = {isa = PBXFileReference; lastKnownFileType = sourcecode.swift; path = AppDelegate.swift; sourceTree = "<group>"; };
		DE074D1123B9E6C200F494D1 /* CalViewController.swift */ = {isa = PBXFileReference; lastKnownFileType = sourcecode.swift; path = CalViewController.swift; sourceTree = "<group>"; };
		DE074D1323B9E6C300F494D1 /* Assets.xcassets */ = {isa = PBXFileReference; lastKnownFileType = folder.assetcatalog; path = Assets.xcassets; sourceTree = "<group>"; };
		DE074D1623B9E6C300F494D1 /* Base */ = {isa = PBXFileReference; lastKnownFileType = file.storyboard; name = Base; path = Base.lproj/Main.storyboard; sourceTree = "<group>"; };
		DE074D1823B9E6C300F494D1 /* Info.plist */ = {isa = PBXFileReference; lastKnownFileType = text.plist.xml; path = Info.plist; sourceTree = "<group>"; };
		DE074D1923B9E6C300F494D1 /* Calendar2020.entitlements */ = {isa = PBXFileReference; lastKnownFileType = text.plist.entitlements; path = Calendar2020.entitlements; sourceTree = "<group>"; };
		DE074D1F23B9E71100F494D1 /* CalWindow.swift */ = {isa = PBXFileReference; lastKnownFileType = sourcecode.swift; path = CalWindow.swift; sourceTree = "<group>"; };
		DE074D2123B9E72100F494D1 /* CalWindowController.swift */ = {isa = PBXFileReference; lastKnownFileType = sourcecode.swift; path = CalWindowController.swift; sourceTree = "<group>"; };
		DE074D2323B9FDB700F494D1 /* CalTextField.swift */ = {isa = PBXFileReference; lastKnownFileType = sourcecode.swift; path = CalTextField.swift; sourceTree = "<group>"; };
		DE074D2523BA0BA400F494D1 /* CalImageView.swift */ = {isa = PBXFileReference; lastKnownFileType = sourcecode.swift; path = CalImageView.swift; sourceTree = "<group>"; };
		DE074D4E23BA415D00F494D1 /* CalCollectionViewItem.swift */ = {isa = PBXFileReference; lastKnownFileType = sourcecode.swift; path = CalCollectionViewItem.swift; sourceTree = "<group>"; };
		DE074D4F23BA415D00F494D1 /* CalCollectionViewItem.xib */ = {isa = PBXFileReference; lastKnownFileType = file.xib; path = CalCollectionViewItem.xib; sourceTree = "<group>"; };
/* End PBXFileReference section */

/* Begin PBXFrameworksBuildPhase section */
		DE074D0923B9E6C200F494D1 /* Frameworks */ = {
			isa = PBXFrameworksBuildPhase;
			buildActionMask = 2147483647;
			files = (
			);
			runOnlyForDeploymentPostprocessing = 0;
		};
/* End PBXFrameworksBuildPhase section */

/* Begin PBXGroup section */
		DE047A8C23BAF9620009028A /* Support */ = {
			isa = PBXGroup;
			children = (
				DE074D1F23B9E71100F494D1 /* CalWindow.swift */,
				DE074D2123B9E72100F494D1 /* CalWindowController.swift */,
				DE074D0F23B9E6C200F494D1 /* AppDelegate.swift */,
				DE074D1323B9E6C300F494D1 /* Assets.xcassets */,
				DE074D1523B9E6C300F494D1 /* Main.storyboard */,
				DE074D1923B9E6C300F494D1 /* Calendar2020.entitlements */,
			);
			path = Support;
			sourceTree = "<group>";
		};
		DE074D0323B9E6C200F494D1 = {
			isa = PBXGroup;
			children = (
				DE074D0E23B9E6C200F494D1 /* Calendar2020 */,
				DE074D0D23B9E6C200F494D1 /* Products */,
			);
			sourceTree = "<group>";
		};
		DE074D0D23B9E6C200F494D1 /* Products */ = {
			isa = PBXGroup;
			children = (
				DE074D0C23B9E6C200F494D1 /* Calendar2020.app */,
			);
			name = Products;
			sourceTree = "<group>";
		};
		DE074D0E23B9E6C200F494D1 /* Calendar2020 */ = {
			isa = PBXGroup;
			children = (
				DE074D2923BA0E3F00F494D1 /* Model */,
				DE074D2823BA0E3A00F494D1 /* View */,
				DE074D2723BA0E3100F494D1 /* Controller */,
				DE047A8C23BAF9620009028A /* Support */,
				DE074D1823B9E6C300F494D1 /* Info.plist */,
			);
			path = Calendar2020;
			sourceTree = "<group>";
		};
		DE074D2723BA0E3100F494D1 /* Controller */ = {
			isa = PBXGroup;
			children = (
				DE074D1123B9E6C200F494D1 /* CalViewController.swift */,
			);
			path = Controller;
			sourceTree = "<group>";
		};
		DE074D2823BA0E3A00F494D1 /* View */ = {
			isa = PBXGroup;
			children = (
				DE074D2523BA0BA400F494D1 /* CalImageView.swift */,
				DE074D2323B9FDB700F494D1 /* CalTextField.swift */,
				DE047A7C23BADC820009028A /* CalSectionView.xib */,
				DE047A7E23BADCB20009028A /* CalSectionView.swift */,
				DE074D4F23BA415D00F494D1 /* CalCollectionViewItem.xib */,
				DE074D4E23BA415D00F494D1 /* CalCollectionViewItem.swift */,
			);
			path = View;
			sourceTree = "<group>";
		};
		DE074D2923BA0E3F00F494D1 /* Model */ = {
			isa = PBXGroup;
			children = (
				DE047A8023BAE2660009028A /* CalTodoItem.swift */,
				DE047A8223BAE2790009028A /* CalTodoSection.swift */,
				DE047A8A23BAF0170009028A /* CalTodoDay.swift */,
				DE047A8823BAE3380009028A /* CalTodoMonth.swift */,
				DE047A8423BAE2F70009028A /* CalTodoYear.swift */,
			);
			path = Model;
			sourceTree = "<group>";
		};
/* End PBXGroup section */

/* Begin PBXNativeTarget section */
		DE074D0B23B9E6C200F494D1 /* Calendar2020 */ = {
			isa = PBXNativeTarget;
			buildConfigurationList = DE074D1C23B9E6C300F494D1 /* Build configuration list for PBXNativeTarget "Calendar2020" */;
			buildPhases = (
				DE074D0823B9E6C200F494D1 /* Sources */,
				DE074D0923B9E6C200F494D1 /* Frameworks */,
				DE074D0A23B9E6C200F494D1 /* Resources */,
			);
			buildRules = (
			);
			dependencies = (
			);
			name = Calendar2020;
			productName = Calendar2020;
			productReference = DE074D0C23B9E6C200F494D1 /* Calendar2020.app */;
			productType = "com.apple.product-type.application";
		};
/* End PBXNativeTarget section */

/* Begin PBXProject section */
		DE074D0423B9E6C200F494D1 /* Project object */ = {
			isa = PBXProject;
			attributes = {
				LastSwiftUpdateCheck = 1130;
				LastUpgradeCheck = 1130;
				ORGANIZATIONNAME = iOSDevLog;
				TargetAttributes = {
					DE074D0B23B9E6C200F494D1 = {
						CreatedOnToolsVersion = 11.3;
					};
				};
			};
			buildConfigurationList = DE074D0723B9E6C200F494D1 /* Build configuration list for PBXProject "Calendar2020" */;
			compatibilityVersion = "Xcode 9.3";
			developmentRegion = en;
			hasScannedForEncodings = 0;
			knownRegions = (
				en,
				Base,
			);
			mainGroup = DE074D0323B9E6C200F494D1;
			productRefGroup = DE074D0D23B9E6C200F494D1 /* Products */;
			projectDirPath = "";
			projectRoot = "";
			targets = (
				DE074D0B23B9E6C200F494D1 /* Calendar2020 */,
			);
		};
/* End PBXProject section */

/* Begin PBXResourcesBuildPhase section */
		DE074D0A23B9E6C200F494D1 /* Resources */ = {
			isa = PBXResourcesBuildPhase;
			buildActionMask = 2147483647;
			files = (
				DE074D1423B9E6C300F494D1 /* Assets.xcassets in Resources */,
				DE074D1723B9E6C300F494D1 /* Main.storyboard in Resources */,
				DE074D5123BA415D00F494D1 /* CalCollectionViewItem.xib in Resources */,
				DE047A7D23BADC820009028A /* CalSectionView.xib in Resources */,
			);
			runOnlyForDeploymentPostprocessing = 0;
		};
/* End PBXResourcesBuildPhase section */

/* Begin PBXSourcesBuildPhase section */
		DE074D0823B9E6C200F494D1 /* Sources */ = {
			isa = PBXSourcesBuildPhase;
			buildActionMask = 2147483647;
			files = (
				DE047A8323BAE2790009028A /* CalTodoSection.swift in Sources */,
				DE074D2223B9E72100F494D1 /* CalWindowController.swift in Sources */,
				DE047A8B23BAF0170009028A /* CalTodoDay.swift in Sources */,
				DE074D1223B9E6C200F494D1 /* CalViewController.swift in Sources */,
				DE074D1023B9E6C200F494D1 /* AppDelegate.swift in Sources */,
				DE074D2623BA0BA400F494D1 /* CalImageView.swift in Sources */,
				DE074D2023B9E71100F494D1 /* CalWindow.swift in Sources */,
				DE047A8523BAE2F70009028A /* CalTodoYear.swift in Sources */,
				DE047A8123BAE2660009028A /* CalTodoItem.swift in Sources */,
				DE074D5023BA415D00F494D1 /* CalCollectionViewItem.swift in Sources */,
				DE047A8923BAE3380009028A /* CalTodoMonth.swift in Sources */,
				DE074D2423B9FDB700F494D1 /* CalTextField.swift in Sources */,
				DE047A7F23BADCB20009028A /* CalSectionView.swift in Sources */,
			);
			runOnlyForDeploymentPostprocessing = 0;
		};
/* End PBXSourcesBuildPhase section */

/* Begin PBXVariantGroup section */
		DE074D1523B9E6C300F494D1 /* Main.storyboard */ = {
			isa = PBXVariantGroup;
			children = (
				DE074D1623B9E6C300F494D1 /* Base */,
			);
			name = Main.storyboard;
			sourceTree = "<group>";
		};
/* End PBXVariantGroup section */

/* Begin XCBuildConfiguration section */
		DE074D1A23B9E6C300F494D1 /* Debug */ = {
			isa = XCBuildConfiguration;
			buildSettings = {
				ALWAYS_SEARCH_USER_PATHS = NO;
				CLANG_ANALYZER_NONNULL = YES;
				CLANG_ANALYZER_NUMBER_OBJECT_CONVERSION = YES_AGGRESSIVE;
				CLANG_CXX_LANGUAGE_STANDARD = "gnu++14";
				CLANG_CXX_LIBRARY = "libc++";
				CLANG_ENABLE_MODULES = YES;
				CLANG_ENABLE_OBJC_ARC = YES;
				CLANG_ENABLE_OBJC_WEAK = YES;
				CLANG_WARN_BLOCK_CAPTURE_AUTORELEASING = YES;
				CLANG_WARN_BOOL_CONVERSION = YES;
				CLANG_WARN_COMMA = YES;
				CLANG_WARN_CONSTANT_CONVERSION = YES;
				CLANG_WARN_DEPRECATED_OBJC_IMPLEMENTATIONS = YES;
				CLANG_WARN_DIRECT_OBJC_ISA_USAGE = YES_ERROR;
				CLANG_WARN_DOCUMENTATION_COMMENTS = YES;
				CLANG_WARN_EMPTY_BODY = YES;
				CLANG_WARN_ENUM_CONVERSION = YES;
				CLANG_WARN_INFINITE_RECURSION = YES;
				CLANG_WARN_INT_CONVERSION = YES;
				CLANG_WARN_NON_LITERAL_NULL_CONVERSION = YES;
				CLANG_WARN_OBJC_IMPLICIT_RETAIN_SELF = YES;
				CLANG_WARN_OBJC_LITERAL_CONVERSION = YES;
				CLANG_WARN_OBJC_ROOT_CLASS = YES_ERROR;
				CLANG_WARN_RANGE_LOOP_ANALYSIS = YES;
				CLANG_WARN_STRICT_PROTOTYPES = YES;
				CLANG_WARN_SUSPICIOUS_MOVE = YES;
				CLANG_WARN_UNGUARDED_AVAILABILITY = YES_AGGRESSIVE;
				CLANG_WARN_UNREACHABLE_CODE = YES;
				CLANG_WARN__DUPLICATE_METHOD_MATCH = YES;
				COPY_PHASE_STRIP = NO;
				DEBUG_INFORMATION_FORMAT = dwarf;
				ENABLE_STRICT_OBJC_MSGSEND = YES;
				ENABLE_TESTABILITY = YES;
				GCC_C_LANGUAGE_STANDARD = gnu11;
				GCC_DYNAMIC_NO_PIC = NO;
				GCC_NO_COMMON_BLOCKS = YES;
				GCC_OPTIMIZATION_LEVEL = 0;
				GCC_PREPROCESSOR_DEFINITIONS = (
					"DEBUG=1",
					"$(inherited)",
				);
				GCC_WARN_64_TO_32_BIT_CONVERSION = YES;
				GCC_WARN_ABOUT_RETURN_TYPE = YES_ERROR;
				GCC_WARN_UNDECLARED_SELECTOR = YES;
				GCC_WARN_UNINITIALIZED_AUTOS = YES_AGGRESSIVE;
				GCC_WARN_UNUSED_FUNCTION = YES;
				GCC_WARN_UNUSED_VARIABLE = YES;
				MACOSX_DEPLOYMENT_TARGET = 10.15;
				MTL_ENABLE_DEBUG_INFO = INCLUDE_SOURCE;
				MTL_FAST_MATH = YES;
				ONLY_ACTIVE_ARCH = YES;
				SDKROOT = macosx;
				SWIFT_ACTIVE_COMPILATION_CONDITIONS = DEBUG;
				SWIFT_OPTIMIZATION_LEVEL = "-Onone";
			};
			name = Debug;
		};
		DE074D1B23B9E6C300F494D1 /* Release */ = {
			isa = XCBuildConfiguration;
			buildSettings = {
				ALWAYS_SEARCH_USER_PATHS = NO;
				CLANG_ANALYZER_NONNULL = YES;
				CLANG_ANALYZER_NUMBER_OBJECT_CONVERSION = YES_AGGRESSIVE;
				CLANG_CXX_LANGUAGE_STANDARD = "gnu++14";
				CLANG_CXX_LIBRARY = "libc++";
				CLANG_ENABLE_MODULES = YES;
				CLANG_ENABLE_OBJC_ARC = YES;
				CLANG_ENABLE_OBJC_WEAK = YES;
				CLANG_WARN_BLOCK_CAPTURE_AUTORELEASING = YES;
				CLANG_WARN_BOOL_CONVERSION = YES;
				CLANG_WARN_COMMA = YES;
				CLANG_WARN_CONSTANT_CONVERSION = YES;
				CLANG_WARN_DEPRECATED_OBJC_IMPLEMENTATIONS = YES;
				CLANG_WARN_DIRECT_OBJC_ISA_USAGE = YES_ERROR;
				CLANG_WARN_DOCUMENTATION_COMMENTS = YES;
				CLANG_WARN_EMPTY_BODY = YES;
				CLANG_WARN_ENUM_CONVERSION = YES;
				CLANG_WARN_INFINITE_RECURSION = YES;
				CLANG_WARN_INT_CONVERSION = YES;
				CLANG_WARN_NON_LITERAL_NULL_CONVERSION = YES;
				CLANG_WARN_OBJC_IMPLICIT_RETAIN_SELF = YES;
				CLANG_WARN_OBJC_LITERAL_CONVERSION = YES;
				CLANG_WARN_OBJC_ROOT_CLASS = YES_ERROR;
				CLANG_WARN_RANGE_LOOP_ANALYSIS = YES;
				CLANG_WARN_STRICT_PROTOTYPES = YES;
				CLANG_WARN_SUSPICIOUS_MOVE = YES;
				CLANG_WARN_UNGUARDED_AVAILABILITY = YES_AGGRESSIVE;
				CLANG_WARN_UNREACHABLE_CODE = YES;
				CLANG_WARN__DUPLICATE_METHOD_MATCH = YES;
				COPY_PHASE_STRIP = NO;
				DEBUG_INFORMATION_FORMAT = "dwarf-with-dsym";
				ENABLE_NS_ASSERTIONS = NO;
				ENABLE_STRICT_OBJC_MSGSEND = YES;
				GCC_C_LANGUAGE_STANDARD = gnu11;
				GCC_NO_COMMON_BLOCKS = YES;
				GCC_WARN_64_TO_32_BIT_CONVERSION = YES;
				GCC_WARN_ABOUT_RETURN_TYPE = YES_ERROR;
				GCC_WARN_UNDECLARED_SELECTOR = YES;
				GCC_WARN_UNINITIALIZED_AUTOS = YES_AGGRESSIVE;
				GCC_WARN_UNUSED_FUNCTION = YES;
				GCC_WARN_UNUSED_VARIABLE = YES;
				MACOSX_DEPLOYMENT_TARGET = 10.15;
				MTL_ENABLE_DEBUG_INFO = NO;
				MTL_FAST_MATH = YES;
				SDKROOT = macosx;
				SWIFT_COMPILATION_MODE = wholemodule;
				SWIFT_OPTIMIZATION_LEVEL = "-O";
			};
			name = Release;
		};
		DE074D1D23B9E6C300F494D1 /* Debug */ = {
			isa = XCBuildConfiguration;
			buildSettings = {
				ASSETCATALOG_COMPILER_APPICON_NAME = AppIcon;
				CODE_SIGN_ENTITLEMENTS = Calendar2020/Calendar2020.entitlements;
				CODE_SIGN_STYLE = Automatic;
				COMBINE_HIDPI_IMAGES = YES;
				INFOPLIST_FILE = Calendar2020/Info.plist;
				LD_RUNPATH_SEARCH_PATHS = (
					"$(inherited)",
					"@executable_path/../Frameworks",
				);
				PRODUCT_BUNDLE_IDENTIFIER = com.iosdevlog.Calendar2020;
				PRODUCT_NAME = "$(TARGET_NAME)";
				SWIFT_VERSION = 5.0;
			};
			name = Debug;
		};
		DE074D1E23B9E6C300F494D1 /* Release */ = {
			isa = XCBuildConfiguration;
			buildSettings = {
				ASSETCATALOG_COMPILER_APPICON_NAME = AppIcon;
				CODE_SIGN_ENTITLEMENTS = Calendar2020/Calendar2020.entitlements;
				CODE_SIGN_STYLE = Automatic;
				COMBINE_HIDPI_IMAGES = YES;
				INFOPLIST_FILE = Calendar2020/Info.plist;
				LD_RUNPATH_SEARCH_PATHS = (
					"$(inherited)",
					"@executable_path/../Frameworks",
				);
				PRODUCT_BUNDLE_IDENTIFIER = com.iosdevlog.Calendar2020;
				PRODUCT_NAME = "$(TARGET_NAME)";
				SWIFT_VERSION = 5.0;
			};
			name = Release;
		};
/* End XCBuildConfiguration section */

/* Begin XCConfigurationList section */
		DE074D0723B9E6C200F494D1 /* Build configuration list for PBXProject "Calendar2020" */ = {
			isa = XCConfigurationList;
			buildConfigurations = (
				DE074D1A23B9E6C300F494D1 /* Debug */,
				DE074D1B23B9E6C300F494D1 /* Release */,
			);
			defaultConfigurationIsVisible = 0;
			defaultConfigurationName = Release;
		};
		DE074D1C23B9E6C300F494D1 /* Build configuration list for PBXNativeTarget "Calendar2020" */ = {
			isa = XCConfigurationList;
			buildConfigurations = (
				DE074D1D23B9E6C300F494D1 /* Debug */,
				DE074D1E23B9E6C300F494D1 /* Release */,
			);
			defaultConfigurationIsVisible = 0;
			defaultConfigurationName = Release;
		};
/* End XCConfigurationList section */
	};
	rootObject = DE074D0423B9E6C200F494D1 /* Project object */;
}
